// !$*UTF8*$!
{
	archiveVersion = 1;
	classes = {
	};
	objectVersion = 56;
	objects = {

/* Begin PBXBuildFile section */
		1837F38829819C2700C21AE5 /* SchoolListView.swift in Sources */ = {isa = PBXBuildFile; fileRef = 1837F38729819C2700C21AE5 /* SchoolListView.swift */; };
		1837F38A29819C3D00C21AE5 /* SchoolDetailView.swift in Sources */ = {isa = PBXBuildFile; fileRef = 1837F38929819C3D00C21AE5 /* SchoolDetailView.swift */; };
		1837F38E29819CDF00C21AE5 /* NYCOpenDatabaseAPI.swift in Sources */ = {isa = PBXBuildFile; fileRef = 1837F38D29819CDF00C21AE5 /* NYCOpenDatabaseAPI.swift */; };
		1837F3902981CF2600C21AE5 /* NYCOpenDatabaseAPIDataStruct.swift in Sources */ = {isa = PBXBuildFile; fileRef = 1837F38F2981CF2600C21AE5 /* NYCOpenDatabaseAPIDataStruct.swift */; };
		1837F3922981D3BF00C21AE5 /* SchoolListViewModel.swift in Sources */ = {isa = PBXBuildFile; fileRef = 1837F3912981D3BF00C21AE5 /* SchoolListViewModel.swift */; };
		1837F3942981F0E300C21AE5 /* SchoolSATScoreViewModel.swift in Sources */ = {isa = PBXBuildFile; fileRef = 1837F3932981F0E300C21AE5 /* SchoolSATScoreViewModel.swift */; };
		1837F3962981FBAA00C21AE5 /* ProgressBarView.swift in Sources */ = {isa = PBXBuildFile; fileRef = 1837F3952981FBAA00C21AE5 /* ProgressBarView.swift */; };
		1837F3982982099100C21AE5 /* SchoolScoreDetailView.swift in Sources */ = {isa = PBXBuildFile; fileRef = 1837F3972982099100C21AE5 /* SchoolScoreDetailView.swift */; };
		1837F39A29820A1300C21AE5 /* SchoolSingleScoreDetailView.swift in Sources */ = {isa = PBXBuildFile; fileRef = 1837F39929820A1300C21AE5 /* SchoolSingleScoreDetailView.swift */; };
		1837F39E2982252F00C21AE5 /* SchoolDetailBasicView.swift in Sources */ = {isa = PBXBuildFile; fileRef = 1837F39D2982252F00C21AE5 /* SchoolDetailBasicView.swift */; };
		1837F3A029822BA500C21AE5 /* SchoolSingleScoreNAView.swift in Sources */ = {isa = PBXBuildFile; fileRef = 1837F39F29822BA500C21AE5 /* SchoolSingleScoreNAView.swift */; };
		1837F3A229822D8700C21AE5 /* SchoolDetailMapView.swift in Sources */ = {isa = PBXBuildFile; fileRef = 1837F3A129822D8700C21AE5 /* SchoolDetailMapView.swift */; };
		18CC61F029805F6800758380 /* NYCSchoolsApp.swift in Sources */ = {isa = PBXBuildFile; fileRef = 18CC61EF29805F6800758380 /* NYCSchoolsApp.swift */; };
		18CC61F429805F6900758380 /* Assets.xcassets in Resources */ = {isa = PBXBuildFile; fileRef = 18CC61F329805F6900758380 /* Assets.xcassets */; };
		18CC61F729805F6900758380 /* Preview Assets.xcassets in Resources */ = {isa = PBXBuildFile; fileRef = 18CC61F629805F6900758380 /* Preview Assets.xcassets */; };
		18CC620129805F6900758380 /* NYCSchoolsTests.swift in Sources */ = {isa = PBXBuildFile; fileRef = 18CC620029805F6900758380 /* NYCSchoolsTests.swift */; };
		18CC620B29805F6900758380 /* NYCSchoolsUITests.swift in Sources */ = {isa = PBXBuildFile; fileRef = 18CC620A29805F6900758380 /* NYCSchoolsUITests.swift */; };
		18CC620D29805F6900758380 /* NYCSchoolsUITestsLaunchTests.swift in Sources */ = {isa = PBXBuildFile; fileRef = 18CC620C29805F6900758380 /* NYCSchoolsUITestsLaunchTests.swift */; };
/* End PBXBuildFile section */

/* Begin PBXContainerItemProxy section */
		18CC61FD29805F6900758380 /* PBXContainerItemProxy */ = {
			isa = PBXContainerItemProxy;
			containerPortal = 18CC61E429805F6800758380 /* Project object */;
			proxyType = 1;
			remoteGlobalIDString = 18CC61EB29805F6800758380;
			remoteInfo = NYCSchools;
		};
		18CC620729805F6900758380 /* PBXContainerItemProxy */ = {
			isa = PBXContainerItemProxy;
			containerPortal = 18CC61E429805F6800758380 /* Project object */;
			proxyType = 1;
			remoteGlobalIDString = 18CC61EB29805F6800758380;
			remoteInfo = NYCSchools;
		};
/* End PBXContainerItemProxy section */

/* Begin PBXFileReference section */
		1837F38729819C2700C21AE5 /* SchoolListView.swift */ = {isa = PBXFileReference; lastKnownFileType = sourcecode.swift; path = SchoolListView.swift; sourceTree = "<group>"; };
		1837F38929819C3D00C21AE5 /* SchoolDetailView.swift */ = {isa = PBXFileReference; lastKnownFileType = sourcecode.swift; path = SchoolDetailView.swift; sourceTree = "<group>"; };
		1837F38D29819CDF00C21AE5 /* NYCOpenDatabaseAPI.swift */ = {isa = PBXFileReference; lastKnownFileType = sourcecode.swift; path = NYCOpenDatabaseAPI.swift; sourceTree = "<group>"; };
		1837F38F2981CF2600C21AE5 /* NYCOpenDatabaseAPIDataStruct.swift */ = {isa = PBXFileReference; lastKnownFileType = sourcecode.swift; path = NYCOpenDatabaseAPIDataStruct.swift; sourceTree = "<group>"; };
		1837F3912981D3BF00C21AE5 /* SchoolListViewModel.swift */ = {isa = PBXFileReference; lastKnownFileType = sourcecode.swift; path = SchoolListViewModel.swift; sourceTree = "<group>"; };
		1837F3932981F0E300C21AE5 /* SchoolSATScoreViewModel.swift */ = {isa = PBXFileReference; lastKnownFileType = sourcecode.swift; path = SchoolSATScoreViewModel.swift; sourceTree = "<group>"; };
		1837F3952981FBAA00C21AE5 /* ProgressBarView.swift */ = {isa = PBXFileReference; lastKnownFileType = sourcecode.swift; path = ProgressBarView.swift; sourceTree = "<group>"; };
		1837F3972982099100C21AE5 /* SchoolScoreDetailView.swift */ = {isa = PBXFileReference; lastKnownFileType = sourcecode.swift; path = SchoolScoreDetailView.swift; sourceTree = "<group>"; };
		1837F39929820A1300C21AE5 /* SchoolSingleScoreDetailView.swift */ = {isa = PBXFileReference; lastKnownFileType = sourcecode.swift; path = SchoolSingleScoreDetailView.swift; sourceTree = "<group>"; };
		1837F39D2982252F00C21AE5 /* SchoolDetailBasicView.swift */ = {isa = PBXFileReference; lastKnownFileType = sourcecode.swift; path = SchoolDetailBasicView.swift; sourceTree = "<group>"; };
		1837F39F29822BA500C21AE5 /* SchoolSingleScoreNAView.swift */ = {isa = PBXFileReference; lastKnownFileType = sourcecode.swift; path = SchoolSingleScoreNAView.swift; sourceTree = "<group>"; };
		1837F3A129822D8700C21AE5 /* SchoolDetailMapView.swift */ = {isa = PBXFileReference; lastKnownFileType = sourcecode.swift; path = SchoolDetailMapView.swift; sourceTree = "<group>"; };
		18CC61EC29805F6800758380 /* NYCSchools.app */ = {isa = PBXFileReference; explicitFileType = wrapper.application; includeInIndex = 0; path = NYCSchools.app; sourceTree = BUILT_PRODUCTS_DIR; };
		18CC61EF29805F6800758380 /* NYCSchoolsApp.swift */ = {isa = PBXFileReference; lastKnownFileType = sourcecode.swift; path = NYCSchoolsApp.swift; sourceTree = "<group>"; };
		18CC61F329805F6900758380 /* Assets.xcassets */ = {isa = PBXFileReference; lastKnownFileType = folder.assetcatalog; path = Assets.xcassets; sourceTree = "<group>"; };
		18CC61F629805F6900758380 /* Preview Assets.xcassets */ = {isa = PBXFileReference; lastKnownFileType = folder.assetcatalog; path = "Preview Assets.xcassets"; sourceTree = "<group>"; };
		18CC61FC29805F6900758380 /* NYCSchoolsTests.xctest */ = {isa = PBXFileReference; explicitFileType = wrapper.cfbundle; includeInIndex = 0; path = NYCSchoolsTests.xctest; sourceTree = BUILT_PRODUCTS_DIR; };
		18CC620029805F6900758380 /* NYCSchoolsTests.swift */ = {isa = PBXFileReference; lastKnownFileType = sourcecode.swift; path = NYCSchoolsTests.swift; sourceTree = "<group>"; };
		18CC620629805F6900758380 /* NYCSchoolsUITests.xctest */ = {isa = PBXFileReference; explicitFileType = wrapper.cfbundle; includeInIndex = 0; path = NYCSchoolsUITests.xctest; sourceTree = BUILT_PRODUCTS_DIR; };
		18CC620A29805F6900758380 /* NYCSchoolsUITests.swift */ = {isa = PBXFileReference; lastKnownFileType = sourcecode.swift; path = NYCSchoolsUITests.swift; sourceTree = "<group>"; };
		18CC620C29805F6900758380 /* NYCSchoolsUITestsLaunchTests.swift */ = {isa = PBXFileReference; lastKnownFileType = sourcecode.swift; path = NYCSchoolsUITestsLaunchTests.swift; sourceTree = "<group>"; };
/* End PBXFileReference section */

/* Begin PBXFrameworksBuildPhase section */
		18CC61E929805F6800758380 /* Frameworks */ = {
			isa = PBXFrameworksBuildPhase;
			buildActionMask = 2147483647;
			files = (
			);
			runOnlyForDeploymentPostprocessing = 0;
		};
		18CC61F929805F6900758380 /* Frameworks */ = {
			isa = PBXFrameworksBuildPhase;
			buildActionMask = 2147483647;
			files = (
			);
			runOnlyForDeploymentPostprocessing = 0;
		};
		18CC620329805F6900758380 /* Frameworks */ = {
			isa = PBXFrameworksBuildPhase;
			buildActionMask = 2147483647;
			files = (
			);
			runOnlyForDeploymentPostprocessing = 0;
		};
/* End PBXFrameworksBuildPhase section */

/* Begin PBXGroup section */
		18CC61E329805F6800758380 = {
			isa = PBXGroup;
			children = (
				18CC61EE29805F6800758380 /* NYCSchools */,
				18CC61FF29805F6900758380 /* NYCSchoolsTests */,
				18CC620929805F6900758380 /* NYCSchoolsUITests */,
				18CC61ED29805F6800758380 /* Products */,
			);
			sourceTree = "<group>";
		};
		18CC61ED29805F6800758380 /* Products */ = {
			isa = PBXGroup;
			children = (
				18CC61EC29805F6800758380 /* NYCSchools.app */,
				18CC61FC29805F6900758380 /* NYCSchoolsTests.xctest */,
				18CC620629805F6900758380 /* NYCSchoolsUITests.xctest */,
			);
			name = Products;
			sourceTree = "<group>";
		};
		18CC61EE29805F6800758380 /* NYCSchools */ = {
			isa = PBXGroup;
			children = (
				18CC61EF29805F6800758380 /* NYCSchoolsApp.swift */,
				1837F38729819C2700C21AE5 /* SchoolListView.swift */,
				1837F3912981D3BF00C21AE5 /* SchoolListViewModel.swift */,
				1837F38929819C3D00C21AE5 /* SchoolDetailView.swift */,
				1837F39D2982252F00C21AE5 /* SchoolDetailBasicView.swift */,
				1837F3A129822D8700C21AE5 /* SchoolDetailMapView.swift */,
				1837F3972982099100C21AE5 /* SchoolScoreDetailView.swift */,
				1837F39929820A1300C21AE5 /* SchoolSingleScoreDetailView.swift */,
				1837F39F29822BA500C21AE5 /* SchoolSingleScoreNAView.swift */,
				1837F3932981F0E300C21AE5 /* SchoolSATScoreViewModel.swift */,
				1837F3952981FBAA00C21AE5 /* ProgressBarView.swift */,
				1837F38D29819CDF00C21AE5 /* NYCOpenDatabaseAPI.swift */,
				1837F38F2981CF2600C21AE5 /* NYCOpenDatabaseAPIDataStruct.swift */,
				18CC61F329805F6900758380 /* Assets.xcassets */,
				18CC61F529805F6900758380 /* Preview Content */,
			);
			path = NYCSchools;
			sourceTree = "<group>";
		};
		18CC61F529805F6900758380 /* Preview Content */ = {
			isa = PBXGroup;
			children = (
				18CC61F629805F6900758380 /* Preview Assets.xcassets */,
			);
			path = "Preview Content";
			sourceTree = "<group>";
		};
		18CC61FF29805F6900758380 /* NYCSchoolsTests */ = {
			isa = PBXGroup;
			children = (
				18CC620029805F6900758380 /* NYCSchoolsTests.swift */,
			);
			path = NYCSchoolsTests;
			sourceTree = "<group>";
		};
		18CC620929805F6900758380 /* NYCSchoolsUITests */ = {
			isa = PBXGroup;
			children = (
				18CC620A29805F6900758380 /* NYCSchoolsUITests.swift */,
				18CC620C29805F6900758380 /* NYCSchoolsUITestsLaunchTests.swift */,
			);
			path = NYCSchoolsUITests;
			sourceTree = "<group>";
		};
/* End PBXGroup section */

/* Begin PBXNativeTarget section */
		18CC61EB29805F6800758380 /* NYCSchools */ = {
			isa = PBXNativeTarget;
			buildConfigurationList = 18CC621029805F6900758380 /* Build configuration list for PBXNativeTarget "NYCSchools" */;
			buildPhases = (
				18CC61E829805F6800758380 /* Sources */,
				18CC61E929805F6800758380 /* Frameworks */,
				18CC61EA29805F6800758380 /* Resources */,
			);
			buildRules = (
			);
			dependencies = (
			);
			name = NYCSchools;
			productName = NYCSchools;
			productReference = 18CC61EC29805F6800758380 /* NYCSchools.app */;
			productType = "com.apple.product-type.application";
		};
		18CC61FB29805F6900758380 /* NYCSchoolsTests */ = {
			isa = PBXNativeTarget;
			buildConfigurationList = 18CC621329805F6900758380 /* Build configuration list for PBXNativeTarget "NYCSchoolsTests" */;
			buildPhases = (
				18CC61F829805F6900758380 /* Sources */,
				18CC61F929805F6900758380 /* Frameworks */,
				18CC61FA29805F6900758380 /* Resources */,
			);
			buildRules = (
			);
			dependencies = (
				18CC61FE29805F6900758380 /* PBXTargetDependency */,
			);
			name = NYCSchoolsTests;
			productName = NYCSchoolsTests;
			productReference = 18CC61FC29805F6900758380 /* NYCSchoolsTests.xctest */;
			productType = "com.apple.product-type.bundle.unit-test";
		};
		18CC620529805F6900758380 /* NYCSchoolsUITests */ = {
			isa = PBXNativeTarget;
			buildConfigurationList = 18CC621629805F6900758380 /* Build configuration list for PBXNativeTarget "NYCSchoolsUITests" */;
			buildPhases = (
				18CC620229805F6900758380 /* Sources */,
				18CC620329805F6900758380 /* Frameworks */,
				18CC620429805F6900758380 /* Resources */,
			);
			buildRules = (
			);
			dependencies = (
				18CC620829805F6900758380 /* PBXTargetDependency */,
			);
			name = NYCSchoolsUITests;
			productName = NYCSchoolsUITests;
			productReference = 18CC620629805F6900758380 /* NYCSchoolsUITests.xctest */;
			productType = "com.apple.product-type.bundle.ui-testing";
		};
/* End PBXNativeTarget section */

/* Begin PBXProject section */
		18CC61E429805F6800758380 /* Project object */ = {
			isa = PBXProject;
			attributes = {
				BuildIndependentTargetsInParallel = 1;
				LastSwiftUpdateCheck = 1420;
				LastUpgradeCheck = 1420;
				TargetAttributes = {
					18CC61EB29805F6800758380 = {
						CreatedOnToolsVersion = 14.2;
					};
					18CC61FB29805F6900758380 = {
						CreatedOnToolsVersion = 14.2;
						TestTargetID = 18CC61EB29805F6800758380;
					};
					18CC620529805F6900758380 = {
						CreatedOnToolsVersion = 14.2;
						TestTargetID = 18CC61EB29805F6800758380;
					};
				};
			};
			buildConfigurationList = 18CC61E729805F6800758380 /* Build configuration list for PBXProject "NYCSchools" */;
			compatibilityVersion = "Xcode 14.0";
			developmentRegion = en;
			hasScannedForEncodings = 0;
			knownRegions = (
				en,
				Base,
			);
			mainGroup = 18CC61E329805F6800758380;
			productRefGroup = 18CC61ED29805F6800758380 /* Products */;
			projectDirPath = "";
			projectRoot = "";
			targets = (
				18CC61EB29805F6800758380 /* NYCSchools */,
				18CC61FB29805F6900758380 /* NYCSchoolsTests */,
				18CC620529805F6900758380 /* NYCSchoolsUITests */,
			);
		};
/* End PBXProject section */

/* Begin PBXResourcesBuildPhase section */
		18CC61EA29805F6800758380 /* Resources */ = {
			isa = PBXResourcesBuildPhase;
			buildActionMask = 2147483647;
			files = (
				18CC61F729805F6900758380 /* Preview Assets.xcassets in Resources */,
				18CC61F429805F6900758380 /* Assets.xcassets in Resources */,
			);
			runOnlyForDeploymentPostprocessing = 0;
		};
		18CC61FA29805F6900758380 /* Resources */ = {
			isa = PBXResourcesBuildPhase;
			buildActionMask = 2147483647;
			files = (
			);
			runOnlyForDeploymentPostprocessing = 0;
		};
		18CC620429805F6900758380 /* Resources */ = {
			isa = PBXResourcesBuildPhase;
			buildActionMask = 2147483647;
			files = (
			);
			runOnlyForDeploymentPostprocessing = 0;
		};
/* End PBXResourcesBuildPhase section */

/* Begin PBXSourcesBuildPhase section */
		18CC61E829805F6800758380 /* Sources */ = {
			isa = PBXSourcesBuildPhase;
			buildActionMask = 2147483647;
			files = (
				1837F3A029822BA500C21AE5 /* SchoolSingleScoreNAView.swift in Sources */,
				18CC61F029805F6800758380 /* NYCSchoolsApp.swift in Sources */,
				1837F3A229822D8700C21AE5 /* SchoolDetailMapView.swift in Sources */,
				1837F38829819C2700C21AE5 /* SchoolListView.swift in Sources */,
				1837F3982982099100C21AE5 /* SchoolScoreDetailView.swift in Sources */,
				1837F3922981D3BF00C21AE5 /* SchoolListViewModel.swift in Sources */,
				1837F3902981CF2600C21AE5 /* NYCOpenDatabaseAPIDataStruct.swift in Sources */,
				1837F3942981F0E300C21AE5 /* SchoolSATScoreViewModel.swift in Sources */,
				1837F38E29819CDF00C21AE5 /* NYCOpenDatabaseAPI.swift in Sources */,
				1837F3962981FBAA00C21AE5 /* ProgressBarView.swift in Sources */,
				1837F39E2982252F00C21AE5 /* SchoolDetailBasicView.swift in Sources */,
				1837F39A29820A1300C21AE5 /* SchoolSingleScoreDetailView.swift in Sources */,
				1837F38A29819C3D00C21AE5 /* SchoolDetailView.swift in Sources */,
			);
			runOnlyForDeploymentPostprocessing = 0;
		};
		18CC61F829805F6900758380 /* Sources */ = {
			isa = PBXSourcesBuildPhase;
			buildActionMask = 2147483647;
			files = (
				18CC620129805F6900758380 /* NYCSchoolsTests.swift in Sources */,
			);
			runOnlyForDeploymentPostprocessing = 0;
		};
		18CC620229805F6900758380 /* Sources */ = {
			isa = PBXSourcesBuildPhase;
			buildActionMask = 2147483647;
			files = (
				18CC620B29805F6900758380 /* NYCSchoolsUITests.swift in Sources */,
				18CC620D29805F6900758380 /* NYCSchoolsUITestsLaunchTests.swift in Sources */,
			);
			runOnlyForDeploymentPostprocessing = 0;
		};
/* End PBXSourcesBuildPhase section */

/* Begin PBXTargetDependency section */
		18CC61FE29805F6900758380 /* PBXTargetDependency */ = {
			isa = PBXTargetDependency;
			target = 18CC61EB29805F6800758380 /* NYCSchools */;
			targetProxy = 18CC61FD29805F6900758380 /* PBXContainerItemProxy */;
		};
		18CC620829805F6900758380 /* PBXTargetDependency */ = {
			isa = PBXTargetDependency;
			target = 18CC61EB29805F6800758380 /* NYCSchools */;
			targetProxy = 18CC620729805F6900758380 /* PBXContainerItemProxy */;
		};
/* End PBXTargetDependency section */

/* Begin XCBuildConfiguration section */
		18CC620E29805F6900758380 /* Debug */ = {
			isa = XCBuildConfiguration;
			buildSettings = {
				ALWAYS_SEARCH_USER_PATHS = NO;
				CLANG_ANALYZER_NONNULL = YES;
				CLANG_ANALYZER_NUMBER_OBJECT_CONVERSION = YES_AGGRESSIVE;
				CLANG_CXX_LANGUAGE_STANDARD = "gnu++20";
				CLANG_ENABLE_MODULES = YES;
				CLANG_ENABLE_OBJC_ARC = YES;
				CLANG_ENABLE_OBJC_WEAK = YES;
				CLANG_WARN_BLOCK_CAPTURE_AUTORELEASING = YES;
				CLANG_WARN_BOOL_CONVERSION = YES;
				CLANG_WARN_COMMA = YES;
				CLANG_WARN_CONSTANT_CONVERSION = YES;
				CLANG_WARN_DEPRECATED_OBJC_IMPLEMENTATIONS = YES;
				CLANG_WARN_DIRECT_OBJC_ISA_USAGE = YES_ERROR;
				CLANG_WARN_DOCUMENTATION_COMMENTS = YES;
				CLANG_WARN_EMPTY_BODY = YES;
				CLANG_WARN_ENUM_CONVERSION = YES;
				CLANG_WARN_INFINITE_RECURSION = YES;
				CLANG_WARN_INT_CONVERSION = YES;
				CLANG_WARN_NON_LITERAL_NULL_CONVERSION = YES;
				CLANG_WARN_OBJC_IMPLICIT_RETAIN_SELF = YES;
				CLANG_WARN_OBJC_LITERAL_CONVERSION = YES;
				CLANG_WARN_OBJC_ROOT_CLASS = YES_ERROR;
				CLANG_WARN_QUOTED_INCLUDE_IN_FRAMEWORK_HEADER = YES;
				CLANG_WARN_RANGE_LOOP_ANALYSIS = YES;
				CLANG_WARN_STRICT_PROTOTYPES = YES;
				CLANG_WARN_SUSPICIOUS_MOVE = YES;
				CLANG_WARN_UNGUARDED_AVAILABILITY = YES_AGGRESSIVE;
				CLANG_WARN_UNREACHABLE_CODE = YES;
				CLANG_WARN__DUPLICATE_METHOD_MATCH = YES;
				COPY_PHASE_STRIP = NO;
				DEBUG_INFORMATION_FORMAT = dwarf;
				ENABLE_STRICT_OBJC_MSGSEND = YES;
				ENABLE_TESTABILITY = YES;
				GCC_C_LANGUAGE_STANDARD = gnu11;
				GCC_DYNAMIC_NO_PIC = NO;
				GCC_NO_COMMON_BLOCKS = YES;
				GCC_OPTIMIZATION_LEVEL = 0;
				GCC_PREPROCESSOR_DEFINITIONS = (
					"DEBUG=1",
					"$(inherited)",
				);
				GCC_WARN_64_TO_32_BIT_CONVERSION = YES;
				GCC_WARN_ABOUT_RETURN_TYPE = YES_ERROR;
				GCC_WARN_UNDECLARED_SELECTOR = YES;
				GCC_WARN_UNINITIALIZED_AUTOS = YES_AGGRESSIVE;
				GCC_WARN_UNUSED_FUNCTION = YES;
				GCC_WARN_UNUSED_VARIABLE = YES;
				IPHONEOS_DEPLOYMENT_TARGET = 15.0;
				MTL_ENABLE_DEBUG_INFO = INCLUDE_SOURCE;
				MTL_FAST_MATH = YES;
				ONLY_ACTIVE_ARCH = YES;
				SDKROOT = iphoneos;
				SWIFT_ACTIVE_COMPILATION_CONDITIONS = DEBUG;
				SWIFT_OPTIMIZATION_LEVEL = "-Onone";
			};
			name = Debug;
		};
		18CC620F29805F6900758380 /* Release */ = {
			isa = XCBuildConfiguration;
			buildSettings = {
				ALWAYS_SEARCH_USER_PATHS = NO;
				CLANG_ANALYZER_NONNULL = YES;
				CLANG_ANALYZER_NUMBER_OBJECT_CONVERSION = YES_AGGRESSIVE;
				CLANG_CXX_LANGUAGE_STANDARD = "gnu++20";
				CLANG_ENABLE_MODULES = YES;
				CLANG_ENABLE_OBJC_ARC = YES;
				CLANG_ENABLE_OBJC_WEAK = YES;
				CLANG_WARN_BLOCK_CAPTURE_AUTORELEASING = YES;
				CLANG_WARN_BOOL_CONVERSION = YES;
				CLANG_WARN_COMMA = YES;
				CLANG_WARN_CONSTANT_CONVERSION = YES;
				CLANG_WARN_DEPRECATED_OBJC_IMPLEMENTATIONS = YES;
				CLANG_WARN_DIRECT_OBJC_ISA_USAGE = YES_ERROR;
				CLANG_WARN_DOCUMENTATION_COMMENTS = YES;
				CLANG_WARN_EMPTY_BODY = YES;
				CLANG_WARN_ENUM_CONVERSION = YES;
				CLANG_WARN_INFINITE_RECURSION = YES;
				CLANG_WARN_INT_CONVERSION = YES;
				CLANG_WARN_NON_LITERAL_NULL_CONVERSION = YES;
				CLANG_WARN_OBJC_IMPLICIT_RETAIN_SELF = YES;
				CLANG_WARN_OBJC_LITERAL_CONVERSION = YES;
				CLANG_WARN_OBJC_ROOT_CLASS = YES_ERROR;
				CLANG_WARN_QUOTED_INCLUDE_IN_FRAMEWORK_HEADER = YES;
				CLANG_WARN_RANGE_LOOP_ANALYSIS = YES;
				CLANG_WARN_STRICT_PROTOTYPES = YES;
				CLANG_WARN_SUSPICIOUS_MOVE = YES;
				CLANG_WARN_UNGUARDED_AVAILABILITY = YES_AGGRESSIVE;
				CLANG_WARN_UNREACHABLE_CODE = YES;
				CLANG_WARN__DUPLICATE_METHOD_MATCH = YES;
				COPY_PHASE_STRIP = NO;
				DEBUG_INFORMATION_FORMAT = "dwarf-with-dsym";
				ENABLE_NS_ASSERTIONS = NO;
				ENABLE_STRICT_OBJC_MSGSEND = YES;
				GCC_C_LANGUAGE_STANDARD = gnu11;
				GCC_NO_COMMON_BLOCKS = YES;
				GCC_WARN_64_TO_32_BIT_CONVERSION = YES;
				GCC_WARN_ABOUT_RETURN_TYPE = YES_ERROR;
				GCC_WARN_UNDECLARED_SELECTOR = YES;
				GCC_WARN_UNINITIALIZED_AUTOS = YES_AGGRESSIVE;
				GCC_WARN_UNUSED_FUNCTION = YES;
				GCC_WARN_UNUSED_VARIABLE = YES;
				IPHONEOS_DEPLOYMENT_TARGET = 15.0;
				MTL_ENABLE_DEBUG_INFO = NO;
				MTL_FAST_MATH = YES;
				SDKROOT = iphoneos;
				SWIFT_COMPILATION_MODE = wholemodule;
				SWIFT_OPTIMIZATION_LEVEL = "-O";
				VALIDATE_PRODUCT = YES;
			};
			name = Release;
		};
		18CC621129805F6900758380 /* Debug */ = {
			isa = XCBuildConfiguration;
			buildSettings = {
				ASSETCATALOG_COMPILER_APPICON_NAME = AppIcon;
				ASSETCATALOG_COMPILER_GLOBAL_ACCENT_COLOR_NAME = AccentColor;
				CODE_SIGN_STYLE = Automatic;
				CURRENT_PROJECT_VERSION = 1;
				DEVELOPMENT_ASSET_PATHS = "\"NYCSchools/Preview Content\"";
				DEVELOPMENT_TEAM = 4LD7WQ6CAY;
				ENABLE_PREVIEWS = YES;
				GENERATE_INFOPLIST_FILE = YES;
				INFOPLIST_KEY_UIApplicationSceneManifest_Generation = YES;
				INFOPLIST_KEY_UIApplicationSupportsIndirectInputEvents = YES;
				INFOPLIST_KEY_UILaunchScreen_Generation = YES;
				INFOPLIST_KEY_UISupportedInterfaceOrientations_iPad = "UIInterfaceOrientationPortrait UIInterfaceOrientationPortraitUpsideDown UIInterfaceOrientationLandscapeLeft UIInterfaceOrientationLandscapeRight";
				INFOPLIST_KEY_UISupportedInterfaceOrientations_iPhone = "UIInterfaceOrientationPortrait UIInterfaceOrientationLandscapeLeft UIInterfaceOrientationLandscapeRight";
				IPHONEOS_DEPLOYMENT_TARGET = 15.0;
				LD_RUNPATH_SEARCH_PATHS = (
					"$(inherited)",
					"@executable_path/Frameworks",
				);
				MARKETING_VERSION = 1.0;
				PRODUCT_BUNDLE_IDENTIFIER = com.tianhao.jpm.NYCSchools;
				PRODUCT_NAME = "$(TARGET_NAME)";
				SWIFT_EMIT_LOC_STRINGS = YES;
				SWIFT_VERSION = 5.0;
				TARGETED_DEVICE_FAMILY = "1,2";
			};
			name = Debug;
		};
		18CC621229805F6900758380 /* Release */ = {
			isa = XCBuildConfiguration;
			buildSettings = {
				ASSETCATALOG_COMPILER_APPICON_NAME = AppIcon;
				ASSETCATALOG_COMPILER_GLOBAL_ACCENT_COLOR_NAME = AccentColor;
				CODE_SIGN_STYLE = Automatic;
				CURRENT_PROJECT_VERSION = 1;
				DEVELOPMENT_ASSET_PATHS = "\"NYCSchools/Preview Content\"";
				DEVELOPMENT_TEAM = 4LD7WQ6CAY;
				ENABLE_PREVIEWS = YES;
				GENERATE_INFOPLIST_FILE = YES;
				INFOPLIST_KEY_UIApplicationSceneManifest_Generation = YES;
				INFOPLIST_KEY_UIApplicationSupportsIndirectInputEvents = YES;
				INFOPLIST_KEY_UILaunchScreen_Generation = YES;
				INFOPLIST_KEY_UISupportedInterfaceOrientations_iPad = "UIInterfaceOrientationPortrait UIInterfaceOrientationPortraitUpsideDown UIInterfaceOrientationLandscapeLeft UIInterfaceOrientationLandscapeRight";
				INFOPLIST_KEY_UISupportedInterfaceOrientations_iPhone = "UIInterfaceOrientationPortrait UIInterfaceOrientationLandscapeLeft UIInterfaceOrientationLandscapeRight";
				IPHONEOS_DEPLOYMENT_TARGET = 15.0;
				LD_RUNPATH_SEARCH_PATHS = (
					"$(inherited)",
					"@executable_path/Frameworks",
				);
				MARKETING_VERSION = 1.0;
				PRODUCT_BUNDLE_IDENTIFIER = com.tianhao.jpm.NYCSchools;
				PRODUCT_NAME = "$(TARGET_NAME)";
				SWIFT_EMIT_LOC_STRINGS = YES;
				SWIFT_VERSION = 5.0;
				TARGETED_DEVICE_FAMILY = "1,2";
			};
			name = Release;
		};
		18CC621429805F6900758380 /* Debug */ = {
			isa = XCBuildConfiguration;
			buildSettings = {
				ALWAYS_EMBED_SWIFT_STANDARD_LIBRARIES = YES;
				BUNDLE_LOADER = "$(TEST_HOST)";
				CODE_SIGN_STYLE = Automatic;
				CURRENT_PROJECT_VERSION = 1;
				DEVELOPMENT_TEAM = 4LD7WQ6CAY;
				GENERATE_INFOPLIST_FILE = YES;
				IPHONEOS_DEPLOYMENT_TARGET = 16.2;
				MARKETING_VERSION = 1.0;
				PRODUCT_BUNDLE_IDENTIFIER = com.tianhao.jpm.NYCSchoolsTests;
				PRODUCT_NAME = "$(TARGET_NAME)";
				SWIFT_EMIT_LOC_STRINGS = NO;
				SWIFT_VERSION = 5.0;
				TARGETED_DEVICE_FAMILY = "1,2";
				TEST_HOST = "$(BUILT_PRODUCTS_DIR)/NYCSchools.app/$(BUNDLE_EXECUTABLE_FOLDER_PATH)/NYCSchools";
			};
			name = Debug;
		};
		18CC621529805F6900758380 /* Release */ = {
			isa = XCBuildConfiguration;
			buildSettings = {
				ALWAYS_EMBED_SWIFT_STANDARD_LIBRARIES = YES;
				BUNDLE_LOADER = "$(TEST_HOST)";
				CODE_SIGN_STYLE = Automatic;
				CURRENT_PROJECT_VERSION = 1;
				DEVELOPMENT_TEAM = 4LD7WQ6CAY;
				GENERATE_INFOPLIST_FILE = YES;
				IPHONEOS_DEPLOYMENT_TARGET = 16.2;
				MARKETING_VERSION = 1.0;
				PRODUCT_BUNDLE_IDENTIFIER = com.tianhao.jpm.NYCSchoolsTests;
				PRODUCT_NAME = "$(TARGET_NAME)";
				SWIFT_EMIT_LOC_STRINGS = NO;
				SWIFT_VERSION = 5.0;
				TARGETED_DEVICE_FAMILY = "1,2";
				TEST_HOST = "$(BUILT_PRODUCTS_DIR)/NYCSchools.app/$(BUNDLE_EXECUTABLE_FOLDER_PATH)/NYCSchools";
			};
			name = Release;
		};
		18CC621729805F6900758380 /* Debug */ = {
			isa = XCBuildConfiguration;
			buildSettings = {
				ALWAYS_EMBED_SWIFT_STANDARD_LIBRARIES = YES;
				CODE_SIGN_STYLE = Automatic;
				CURRENT_PROJECT_VERSION = 1;
				DEVELOPMENT_TEAM = 4LD7WQ6CAY;
				GENERATE_INFOPLIST_FILE = YES;
				MARKETING_VERSION = 1.0;
				PRODUCT_BUNDLE_IDENTIFIER = com.tianhao.jpm.NYCSchoolsUITests;
				PRODUCT_NAME = "$(TARGET_NAME)";
				SWIFT_EMIT_LOC_STRINGS = NO;
				SWIFT_VERSION = 5.0;
				TARGETED_DEVICE_FAMILY = "1,2";
				TEST_TARGET_NAME = NYCSchools;
			};
			name = Debug;
		};
		18CC621829805F6900758380 /* Release */ = {
			isa = XCBuildConfiguration;
			buildSettings = {
				ALWAYS_EMBED_SWIFT_STANDARD_LIBRARIES = YES;
				CODE_SIGN_STYLE = Automatic;
				CURRENT_PROJECT_VERSION = 1;
				DEVELOPMENT_TEAM = 4LD7WQ6CAY;
				GENERATE_INFOPLIST_FILE = YES;
				MARKETING_VERSION = 1.0;
				PRODUCT_BUNDLE_IDENTIFIER = com.tianhao.jpm.NYCSchoolsUITests;
				PRODUCT_NAME = "$(TARGET_NAME)";
				SWIFT_EMIT_LOC_STRINGS = NO;
				SWIFT_VERSION = 5.0;
				TARGETED_DEVICE_FAMILY = "1,2";
				TEST_TARGET_NAME = NYCSchools;
			};
			name = Release;
		};
/* End XCBuildConfiguration section */

/* Begin XCConfigurationList section */
		18CC61E729805F6800758380 /* Build configuration list for PBXProject "NYCSchools" */ = {
			isa = XCConfigurationList;
			buildConfigurations = (
				18CC620E29805F6900758380 /* Debug */,
				18CC620F29805F6900758380 /* Release */,
			);
			defaultConfigurationIsVisible = 0;
			defaultConfigurationName = Release;
		};
		18CC621029805F6900758380 /* Build configuration list for PBXNativeTarget "NYCSchools" */ = {
			isa = XCConfigurationList;
			buildConfigurations = (
				18CC621129805F6900758380 /* Debug */,
				18CC621229805F6900758380 /* Release */,
			);
			defaultConfigurationIsVisible = 0;
			defaultConfigurationName = Release;
		};
		18CC621329805F6900758380 /* Build configuration list for PBXNativeTarget "NYCSchoolsTests" */ = {
			isa = XCConfigurationList;
			buildConfigurations = (
				18CC621429805F6900758380 /* Debug */,
				18CC621529805F6900758380 /* Release */,
			);
			defaultConfigurationIsVisible = 0;
			defaultConfigurationName = Release;
		};
		18CC621629805F6900758380 /* Build configuration list for PBXNativeTarget "NYCSchoolsUITests" */ = {
			isa = XCConfigurationList;
			buildConfigurations = (
				18CC621729805F6900758380 /* Debug */,
				18CC621829805F6900758380 /* Release */,
			);
			defaultConfigurationIsVisible = 0;
			defaultConfigurationName = Release;
		};
/* End XCConfigurationList section */
	};
	rootObject = 18CC61E429805F6800758380 /* Project object */;
}
